{
  "name": "@blcklab/anyo-web-surface-texture",
  "version": "1.0.1-rc.19",
  "lockfileVersion": 3,
  "requires": true,
  "packages": {
    "": {
      "name": "@blcklab/anyo-web-surface-texture",
      "version": "1.0.1-rc.19",
      "license": "MIT",
      "devDependencies": {
        "@blcklab/anyo": "0.10.0-rc.3",
        "@blcklab/sekai64": "0.8.0-rc.34",
        "typescript": "^5.8.3"
      },
      "engines": {
        "node": ">=20"
      },
      "peerDependencies": {
        "@blcklab/anyo": ">=0.9.1-rc.16 <0.10.0 || >=0.10.0-rc.1 <1.0.0",
        "@blcklab/sekai64": ">=0.7.0 <0.8.0 || >=0.8.0-0 <0.9.0"
      }
    },
    "node_modules/@blcklab/anyo": {
      "version": "0.10.0-rc.3",
      "resolved": "https://registry.npmjs.org/@blcklab/anyo/-/anyo-0.10.0-rc.3.tgz",
      "integrity": "sha512-hi8IPi4bo6nyGqAuSUtiGBXOVgU1xrbIdDDPZ4ot4LrxQpMqKYfNLApbVXRc8YuC7r43iTeOCC5pAjCvu8akjw==",
      "dev": true,
      "license": "MIT",
      "engines": {
        "node": ">=20"
      },
      "peerDependencies": {
        "@blcklab/sekai64": ">=0.7.0 <0.8.0 || >=0.8.0-0 <0.9.0",
        "three": ">=0.174.0 <1"
      },
      "peerDependenciesMeta": {
        "@blcklab/sekai64": {
          "optional": true
        },
        "three": {
          "optional": true
        }
      }
    },
    "node_modules/@blcklab/sekai64": {
      "version": "0.8.0-rc.34",
      "resolved": "https://registry.npmjs.org/@blcklab/sekai64/-/sekai64-0.8.0-rc.34.tgz",
      "integrity": "sha512-EJWbXb/chwzw0aTQxGRWWlVqEuB/oKvzL/P2oT0KsOPeUYry6tFomosx1G5nmXZ6D1BZbeFMGXCvtwnwp/IfUw==",
      "dev": true,
      "license": "MIT",
      "engines": {
        "node": ">=22.12.0"
      }
    },
    "node_modules/typescript": {
      "version": "5.9.3",
      "resolved": "https://registry.npmjs.org/typescript/-/typescript-5.9.3.tgz",
      "integrity": "sha512-jl1vZzPDinLr9eUt3J/t7V6FgNEw9QjvBPdysz9KfQDD41fQrC2Y4vKQdiaUpFT4bXlb1RHhLpp8wtm6M5TgSw==",
      "dev": true,
      "license": "Apache-2.0",
      "bin": {
        "tsc": "bin/tsc",
        "tsserver": "bin/tsserver"
      },
      "engines": {
        "node": ">=14.17"
      }
    }
  }
}
